
Microsoft Visual Studio Solution File, Format Version 12.00
# Visual Studio Version 17
VisualStudioVersion = 17.11.35327.3
MinimumVisualStudioVersion = 10.0.40219.1
Project("{9A19103F-16F7-4668-BE54-9A1E7A4F7556}") = "DAL003", "DAL003\DAL003.csproj", "{D8EF30F9-B4BE-45E2-80EB-E8137414AE2E}"
EndProject
Project("{FAE04EC0-301F-11D3-BF4B-00C04F79EFBC}") = "Test_DAL003", "Test_DAL003\Test_DAL003.csproj", "{D52362D2-5AF8-48A3-9BE6-160C2388D423}"
	ProjectSection(ProjectDependencies) = postProject
		{D8EF30F9-B4BE-45E2-80EB-E8137414AE2E} = {D8EF30F9-B4BE-45E2-80EB-E8137414AE2E}
	EndProjectSection
EndProject
Project("{FAE04EC0-301F-11D3-BF4B-00C04F79EFBC}") = "ASPA003", "ASPA003\ASPA003.csproj", "{C7C6DD2B-94E8-4FCA-8BBF-F5C31F7C2C97}"
EndProject
Global
	GlobalSection(SolutionConfigurationPlatforms) = preSolution
		Debug|Any CPU = Debug|Any CPU
		Release|Any CPU = Release|Any CPU
	EndGlobalSection
	GlobalSection(ProjectConfigurationPlatforms) = postSolution
		{D8EF30F9-B4BE-45E2-80EB-E8137414AE2E}.Debug|Any CPU.ActiveCfg = Debug|Any CPU
		{D8EF30F9-B4BE-45E2-80EB-E8137414AE2E}.Debug|Any CPU.Build.0 = Debug|Any CPU
		{D8EF30F9-B4BE-45E2-80EB-E8137414AE2E}.Release|Any CPU.ActiveCfg = Release|Any CPU
		{D8EF30F9-B4BE-45E2-80EB-E8137414AE2E}.Release|Any CPU.Build.0 = Release|Any CPU
		{D52362D2-5AF8-48A3-9BE6-160C2388D423}.Debug|Any CPU.ActiveCfg = Debug|Any CPU
		{D52362D2-5AF8-48A3-9BE6-160C2388D423}.Debug|Any CPU.Build.0 = Debug|Any CPU
		{D52362D2-5AF8-48A3-9BE6-160C2388D423}.Release|Any CPU.ActiveCfg = Release|Any CPU
		{D52362D2-5AF8-48A3-9BE6-160C2388D423}.Release|Any CPU.Build.0 = Release|Any CPU
		{C7C6DD2B-94E8-4FCA-8BBF-F5C31F7C2C97}.Debug|Any CPU.ActiveCfg = Debug|Any CPU
		{C7C6DD2B-94E8-4FCA-8BBF-F5C31F7C2C97}.Debug|Any CPU.Build.0 = Debug|Any CPU
		{C7C6DD2B-94E8-4FCA-8BBF-F5C31F7C2C97}.Release|Any CPU.ActiveCfg = Release|Any CPU
		{C7C6DD2B-94E8-4FCA-8BBF-F5C31F7C2C97}.Release|Any CPU.Build.0 = Release|Any CPU
	EndGlobalSection
	GlobalSection(SolutionProperties) = preSolution
		HideSolutionNode = FALSE
	EndGlobalSection
	GlobalSection(ExtensibilityGlobals) = postSolution
		SolutionGuid = {A858F3A4-F562-4604-A116-FE7BC97B2B8E}
	EndGlobalSection
EndGlobal
