
Microsoft Visual Studio Solution File, Format Version 12.00
# Visual Studio Version 17
VisualStudioVersion = 17.11.35327.3
MinimumVisualStudioVersion = 10.0.40219.1
Project("{9A19103F-16F7-4668-BE54-9A1E7A4F7556}") = "ASPA", "ASPA\ASPA.csproj", "{055ABBEA-FA62-41B6-9A1C-4FA1CCBEA2F1}"
EndProject
Project("{FAE04EC0-301F-11D3-BF4B-00C04F79EFBC}") = "ASPA_2", "ASPA_2\ASPA_2.csproj", "{7B297CB4-9AAF-4314-875C-F350A65864A7}"
EndProject
Project("{FAE04EC0-301F-11D3-BF4B-00C04F79EFBC}") = "ASPA_3", "ASPA_3\ASPA_3.csproj", "{F79D4E16-8B83-4EC3-A5C0-DE606D12C942}"
EndProject
Global
	GlobalSection(SolutionConfigurationPlatforms) = preSolution
		Debug|Any CPU = Debug|Any CPU
		Release|Any CPU = Release|Any CPU
	EndGlobalSection
	GlobalSection(ProjectConfigurationPlatforms) = postSolution
		{055ABBEA-FA62-41B6-9A1C-4FA1CCBEA2F1}.Debug|Any CPU.ActiveCfg = Debug|Any CPU
		{055ABBEA-FA62-41B6-9A1C-4FA1CCBEA2F1}.Debug|Any CPU.Build.0 = Debug|Any CPU
		{055ABBEA-FA62-41B6-9A1C-4FA1CCBEA2F1}.Release|Any CPU.ActiveCfg = Release|Any CPU
		{055ABBEA-FA62-41B6-9A1C-4FA1CCBEA2F1}.Release|Any CPU.Build.0 = Release|Any CPU
		{7B297CB4-9AAF-4314-875C-F350A65864A7}.Debug|Any CPU.ActiveCfg = Debug|Any CPU
		{7B297CB4-9AAF-4314-875C-F350A65864A7}.Debug|Any CPU.Build.0 = Debug|Any CPU
		{7B297CB4-9AAF-4314-875C-F350A65864A7}.Release|Any CPU.ActiveCfg = Release|Any CPU
		{7B297CB4-9AAF-4314-875C-F350A65864A7}.Release|Any CPU.Build.0 = Release|Any CPU
		{F79D4E16-8B83-4EC3-A5C0-DE606D12C942}.Debug|Any CPU.ActiveCfg = Debug|Any CPU
		{F79D4E16-8B83-4EC3-A5C0-DE606D12C942}.Debug|Any CPU.Build.0 = Debug|Any CPU
		{F79D4E16-8B83-4EC3-A5C0-DE606D12C942}.Release|Any CPU.ActiveCfg = Release|Any CPU
		{F79D4E16-8B83-4EC3-A5C0-DE606D12C942}.Release|Any CPU.Build.0 = Release|Any CPU
	EndGlobalSection
	GlobalSection(SolutionProperties) = preSolution
		HideSolutionNode = FALSE
	EndGlobalSection
	GlobalSection(ExtensibilityGlobals) = postSolution
		SolutionGuid = {FE9B1CAB-9D2C-4493-ADFC-D14290E49FB7}
	EndGlobalSection
EndGlobal
